
Microsoft Visual Studio Solution File, Format Version 12.00
# Visual Studio Version 16
VisualStudioVersion = 16.0.32407.337
MinimumVisualStudioVersion = 10.0.40219.1
Project("{FAE04EC0-301F-11D3-BF4B-00C04F79EFBC}") = "ConsoleApp18", "ConsoleApp18\ConsoleApp18.csproj", "{A194E097-578D-4E2F-BDE3-2968ACF27E9E}"
EndProject
Global
	GlobalSection(SolutionConfigurationPlatforms) = preSolution
		Debug|Any CPU = Debug|Any CPU
		Release|Any CPU = Release|Any CPU
	EndGlobalSection
	GlobalSection(ProjectConfigurationPlatforms) = postSolution
		{A194E097-578D-4E2F-BDE3-2968ACF27E9E}.Debug|Any CPU.ActiveCfg = Debug|Any CPU
		{A194E097-578D-4E2F-BDE3-2968ACF27E9E}.Debug|Any CPU.Build.0 = Debug|Any CPU
		{A194E097-578D-4E2F-BDE3-2968ACF27E9E}.Release|Any CPU.ActiveCfg = Release|Any CPU
		{A194E097-578D-4E2F-BDE3-2968ACF27E9E}.Release|Any CPU.Build.0 = Release|Any CPU
	EndGlobalSection
	GlobalSection(SolutionProperties) = preSolution
		HideSolutionNode = FALSE
	EndGlobalSection
	GlobalSection(ExtensibilityGlobals) = postSolution
		SolutionGuid = {101B1C62-B45D-44FA-9E60-6571DBF3D78A}
	EndGlobalSection
EndGlobal
